
Microsoft Visual Studio Solution File, Format Version 12.00
# Visual Studio Version 16
VisualStudioVersion = 16.0.30804.86
MinimumVisualStudioVersion = 10.0.40219.1
Project("{FAE04EC0-301F-11D3-BF4B-00C04F79EFBC}") = "Task3_RockPaperScissors", "Task3_RockPaperScissors\Task3_RockPaperScissors.csproj", "{0EEDFA25-8C06-47BA-BF3C-27BEAFD355FE}"
EndProject
Global
	GlobalSection(SolutionConfigurationPlatforms) = preSolution
		Debug|Any CPU = Debug|Any CPU
		Release|Any CPU = Release|Any CPU
	EndGlobalSection
	GlobalSection(ProjectConfigurationPlatforms) = postSolution
		{0EEDFA25-8C06-47BA-BF3C-27BEAFD355FE}.Debug|Any CPU.ActiveCfg = Debug|Any CPU
		{0EEDFA25-8C06-47BA-BF3C-27BEAFD355FE}.Debug|Any CPU.Build.0 = Debug|Any CPU
		{0EEDFA25-8C06-47BA-BF3C-27BEAFD355FE}.Release|Any CPU.ActiveCfg = Release|Any CPU
		{0EEDFA25-8C06-47BA-BF3C-27BEAFD355FE}.Release|Any CPU.Build.0 = Release|Any CPU
	EndGlobalSection
	GlobalSection(SolutionProperties) = preSolution
		HideSolutionNode = FALSE
	EndGlobalSection
	GlobalSection(ExtensibilityGlobals) = postSolution
		SolutionGuid = {C6FEEDF7-AB43-4299-83A6-18BF6ED430F6}
	EndGlobalSection
EndGlobal
